
Microsoft Visual Studio Solution File, Format Version 12.00
# Visual Studio Version 17
VisualStudioVersion = 17.8.34004.107
MinimumVisualStudioVersion = 10.0.40219.1
Project("{9A19103F-16F7-4668-BE54-9A1E7A4F7556}") = "HackerNew.API", "HackerNew.API\HackerNew.API.csproj", "{17E26076-7217-4486-95E9-AB2CFD3A3D1A}"
EndProject
Project("{9A19103F-16F7-4668-BE54-9A1E7A4F7556}") = "HackerNews.Model", "HackerNews.Model\HackerNews.Model.csproj", "{C2619DFF-C401-42CF-9321-E4CDA08FEC86}"
EndProject
Project("{FAE04EC0-301F-11D3-BF4B-00C04F79EFBC}") = "HackerNews.Logic", "HackerNews.Logic\HackerNews.Logic.csproj", "{97D1354A-79DA-4C26-8046-0C35DCC70BF6}"
EndProject
Global
	GlobalSection(SolutionConfigurationPlatforms) = preSolution
		Debug|Any CPU = Debug|Any CPU
		Release|Any CPU = Release|Any CPU
	EndGlobalSection
	GlobalSection(ProjectConfigurationPlatforms) = postSolution
		{17E26076-7217-4486-95E9-AB2CFD3A3D1A}.Debug|Any CPU.ActiveCfg = Debug|Any CPU
		{17E26076-7217-4486-95E9-AB2CFD3A3D1A}.Debug|Any CPU.Build.0 = Debug|Any CPU
		{17E26076-7217-4486-95E9-AB2CFD3A3D1A}.Release|Any CPU.ActiveCfg = Release|Any CPU
		{17E26076-7217-4486-95E9-AB2CFD3A3D1A}.Release|Any CPU.Build.0 = Release|Any CPU
		{C2619DFF-C401-42CF-9321-E4CDA08FEC86}.Debug|Any CPU.ActiveCfg = Debug|Any CPU
		{C2619DFF-C401-42CF-9321-E4CDA08FEC86}.Debug|Any CPU.Build.0 = Debug|Any CPU
		{C2619DFF-C401-42CF-9321-E4CDA08FEC86}.Release|Any CPU.ActiveCfg = Release|Any CPU
		{C2619DFF-C401-42CF-9321-E4CDA08FEC86}.Release|Any CPU.Build.0 = Release|Any CPU
		{97D1354A-79DA-4C26-8046-0C35DCC70BF6}.Debug|Any CPU.ActiveCfg = Debug|Any CPU
		{97D1354A-79DA-4C26-8046-0C35DCC70BF6}.Debug|Any CPU.Build.0 = Debug|Any CPU
		{97D1354A-79DA-4C26-8046-0C35DCC70BF6}.Release|Any CPU.ActiveCfg = Release|Any CPU
		{97D1354A-79DA-4C26-8046-0C35DCC70BF6}.Release|Any CPU.Build.0 = Release|Any CPU
	EndGlobalSection
	GlobalSection(SolutionProperties) = preSolution
		HideSolutionNode = FALSE
	EndGlobalSection
	GlobalSection(ExtensibilityGlobals) = postSolution
		SolutionGuid = {64DFE06F-E2F9-4DCC-BF06-97F5AC711D4D}
	EndGlobalSection
EndGlobal
